
Microsoft Visual Studio Solution File, Format Version 12.00
Project("{FAE04EC0-301F-11D3-BF4B-00C04F79EFBC}") = "Server", "Server\Server.csproj", "{DAEFE642-D5A9-4CBE-90BE-B338C694E636}"
EndProject
Global
	GlobalSection(SolutionConfigurationPlatforms) = preSolution
		Debug|Any CPU = Debug|Any CPU
		Release|Any CPU = Release|Any CPU
	EndGlobalSection
	GlobalSection(ProjectConfigurationPlatforms) = postSolution
		{DAEFE642-D5A9-4CBE-90BE-B338C694E636}.Debug|Any CPU.ActiveCfg = Debug|Any CPU
		{DAEFE642-D5A9-4CBE-90BE-B338C694E636}.Debug|Any CPU.Build.0 = Debug|Any CPU
		{DAEFE642-D5A9-4CBE-90BE-B338C694E636}.Release|Any CPU.ActiveCfg = Release|Any CPU
		{DAEFE642-D5A9-4CBE-90BE-B338C694E636}.Release|Any CPU.Build.0 = Release|Any CPU
	EndGlobalSection
EndGlobal
